
Microsoft Visual Studio Solution File, Format Version 12.00
# Visual Studio Version 17
VisualStudioVersion = 17.14.36511.14
MinimumVisualStudioVersion = 10.0.40219.1
Project("{2150E333-8FDC-42A3-9474-1A3956D46DE8}") = "Task0", "Task0", "{02EA681E-C7D8-13C7-8484-4AC65E1B71E8}"
EndProject
Project("{FAE04EC0-301F-11D3-BF4B-00C04F79EFBC}") = "Tyuiu.LavrentevVA.Sprint3.Task0.V29", "Tyuiu.LavrentevVA.Sprint3.Task0.V29\Tyuiu.LavrentevVA.Sprint3.Task0.V29.csproj", "{52FB547A-3899-4C1D-8DA6-16BA5CAD78F7}"
EndProject
Project("{FAE04EC0-301F-11D3-BF4B-00C04F79EFBC}") = "Tyuiu.LavrentevVA.Sprint3.Task0.V29.Lib", "Tyuiu.LavrentevVA.Sprint3.Task0.V29.Lib\Tyuiu.LavrentevVA.Sprint3.Task0.V29.Lib.csproj", "{174F753A-0E7E-42E9-BA35-FCB49EBCE52F}"
EndProject
Project("{FAE04EC0-301F-11D3-BF4B-00C04F79EFBC}") = "Tyuiu.LavrentevVA.Sprint3.Task0.V29.Test", "Tyuiu.LavrentevVA.Sprint3.Task0.V29.Test\Tyuiu.LavrentevVA.Sprint3.Task0.V29.Test.csproj", "{6E22D043-7382-4AF7-9609-00ACB5733301}"
EndProject
Project("{2150E333-8FDC-42A3-9474-1A3956D46DE8}") = "Task1", "Task1", "{65007EF9-01C3-4DBF-8067-9D7CF0C9C705}"
EndProject
Project("{FAE04EC0-301F-11D3-BF4B-00C04F79EFBC}") = "Tyuiu.LavrentevVA.Sprint3.Task1.V21", "Tyuiu.LavrentevVA.Sprint3.Task1.V21\Tyuiu.LavrentevVA.Sprint3.Task1.V21.csproj", "{C031D326-C002-4759-A982-98AE3A99CCE5}"
EndProject
Project("{FAE04EC0-301F-11D3-BF4B-00C04F79EFBC}") = "Tyuiu.LavrentevVA.Sprint3.Task1.V21.Lib", "Tyuiu.LavrentevVA.Sprint3.Task1.V21.Lib\Tyuiu.LavrentevVA.Sprint3.Task1.V21.Lib.csproj", "{D71A4855-C67C-4E24-94EE-3BC25997012B}"
EndProject
Project("{FAE04EC0-301F-11D3-BF4B-00C04F79EFBC}") = "Tyuiu.LavrentevVA.Sprint3.Task1.V21.Test", "Tyuiu.LavrentevVA.Sprint3.Task1.V21.Test\Tyuiu.LavrentevVA.Sprint3.Task1.V21.Test.csproj", "{C8CC922F-5447-4C67-84E8-7DFEF1226E0C}"
EndProject
Project("{2150E333-8FDC-42A3-9474-1A3956D46DE8}") = "Task2", "Task2", "{44E73C01-A680-4F4A-9A65-3F634CFC826D}"
EndProject
Project("{FAE04EC0-301F-11D3-BF4B-00C04F79EFBC}") = "Tyuiu.LavrentevVA.Sprint3.Task2.V22", "Tyuiu.LavrentevVA.Sprint3.Task2.V22\Tyuiu.LavrentevVA.Sprint3.Task2.V22.csproj", "{5381EC81-CBBE-46F0-A7B3-FC68C3412668}"
EndProject
Project("{FAE04EC0-301F-11D3-BF4B-00C04F79EFBC}") = "Tyuiu.LavrentevVA.Sprint3.Task2.V22.Lib", "Tyuiu.LavrentevVA.Sprint3.Task2.V22.Lib\Tyuiu.LavrentevVA.Sprint3.Task2.V22.Lib.csproj", "{DAA94652-B3F1-41CF-B156-6394FFEF28FA}"
EndProject
Project("{FAE04EC0-301F-11D3-BF4B-00C04F79EFBC}") = "Tyuiu.LavrentevVA.Sprint3.Task2.V22.Test", "Tyuiu.LavrentevVA.Sprint3.Task2.V22.Test\Tyuiu.LavrentevVA.Sprint3.Task2.V22.Test.csproj", "{E48D8DAC-F3CC-40F3-995A-CF5DCF583FB9}"
EndProject
Project("{2150E333-8FDC-42A3-9474-1A3956D46DE8}") = "Task3", "Task3", "{18EC8603-E714-4799-AA6B-5B68402E2815}"
EndProject
Project("{FAE04EC0-301F-11D3-BF4B-00C04F79EFBC}") = "Tyuiu.LavrentevVA.Sprint3.Task3.V17", "Tyuiu.LavrentevVA.Sprint3.Task3.V17\Tyuiu.LavrentevVA.Sprint3.Task3.V17.csproj", "{8BA63EB0-68C4-43EE-B869-0E5C63F4C7A4}"
EndProject
Project("{FAE04EC0-301F-11D3-BF4B-00C04F79EFBC}") = "Tyuiu.LavrentevVA.Sprint3.Task3.V17.Lib", "Tyuiu.LavrentevVA.Sprint3.Task3.V17.Lib\Tyuiu.LavrentevVA.Sprint3.Task3.V17.Lib.csproj", "{8DF3E24A-A224-444F-8522-62D43DD20231}"
EndProject
Project("{FAE04EC0-301F-11D3-BF4B-00C04F79EFBC}") = "Tyuiu.LavrentevVA.Sprint3.Task3.V17.Test", "Tyuiu.LavrentevVA.Sprint3.Task3.V17.Test\Tyuiu.LavrentevVA.Sprint3.Task3.V17.Test.csproj", "{7D016934-576B-481A-9AA3-F4E8C7A5EE3F}"
EndProject
Project("{2150E333-8FDC-42A3-9474-1A3956D46DE8}") = "Task4", "Task4", "{F58798C9-8222-4B5E-B6DF-C84038E64806}"
EndProject
Project("{FAE04EC0-301F-11D3-BF4B-00C04F79EFBC}") = "Tyuiu.LavrentevVA.Sprint3.Task4.V7", "Tyuiu.LavrentevVA.Sprint3.Task4.V7\Tyuiu.LavrentevVA.Sprint3.Task4.V7.csproj", "{AEC81868-D5A1-470A-8F4C-24AF3AD6767F}"
EndProject
Project("{FAE04EC0-301F-11D3-BF4B-00C04F79EFBC}") = "Tyuiu.LavrentevVA.Sprint3.Task4.V7.Lib", "Tyuiu.LavrentevVA.Sprint3.Task4.V7.Lib\Tyuiu.LavrentevVA.Sprint3.Task4.V7.Lib.csproj", "{939A4759-8399-4F22-B7E4-DA61E7031B4A}"
EndProject
Project("{FAE04EC0-301F-11D3-BF4B-00C04F79EFBC}") = "Tyuiu.LavrentevVA.Sprint3.Task4.V7.Test", "Tyuiu.LavrentevVA.Sprint3.Task4.V7.Test\Tyuiu.LavrentevVA.Sprint3.Task4.V7.Test.csproj", "{4C06C10E-1660-4F08-8C76-BD3674E54DFB}"
EndProject
Project("{2150E333-8FDC-42A3-9474-1A3956D46DE8}") = "Task5", "Task5", "{D6C4559C-8692-48EC-8A22-15D66560C351}"
EndProject
Project("{FAE04EC0-301F-11D3-BF4B-00C04F79EFBC}") = "Tyuiu.LavrentevVA.Sprint3.Task5.V24", "Tyuiu.LavrentevVA.Sprint3.Task5.V24\Tyuiu.LavrentevVA.Sprint3.Task5.V24.csproj", "{AFCC0EB1-FFB9-40B5-9A95-C3BB39682946}"
EndProject
Project("{FAE04EC0-301F-11D3-BF4B-00C04F79EFBC}") = "Tyuiu.LavrentevVA.Sprint3.Task5.V24.Lib", "Tyuiu.LavrentevVA.Sprint3.Task5.V24.Lib\Tyuiu.LavrentevVA.Sprint3.Task5.V24.Lib.csproj", "{D92EE5CD-68E0-49A3-BBC7-609416806C65}"
EndProject
Project("{FAE04EC0-301F-11D3-BF4B-00C04F79EFBC}") = "Tyuiu.LavrentevVA.Sprint3.Task5.V24.Test", "Tyuiu.LavrentevVA.Sprint3.Task5.V24.Test\Tyuiu.LavrentevVA.Sprint3.Task5.V24.Test.csproj", "{4BAF309A-972C-41F4-BE5B-613B9A520E63}"
EndProject
Project("{2150E333-8FDC-42A3-9474-1A3956D46DE8}") = "Task6", "Task6", "{2929A353-F8B8-44F8-8256-D77AC0984C73}"
EndProject
Project("{FAE04EC0-301F-11D3-BF4B-00C04F79EFBC}") = "Tyuiu.LavrentevVA.Sprint3.Task6.V4", "Tyuiu.LavrentevVA.Sprint3.Task6.V4\Tyuiu.LavrentevVA.Sprint3.Task6.V4.csproj", "{41766D30-2F0C-4B5A-A862-EFC53A2DE3C2}"
EndProject
Project("{FAE04EC0-301F-11D3-BF4B-00C04F79EFBC}") = "Tyuiu.LavrentevVA.Sprint3.Task6.V4.Lib", "Tyuiu.LavrentevVA.Sprint3.Task6.V4.Lib\Tyuiu.LavrentevVA.Sprint3.Task6.V4.Lib.csproj", "{B15AD402-A6F7-4841-8584-F6058E1829BE}"
EndProject
Project("{FAE04EC0-301F-11D3-BF4B-00C04F79EFBC}") = "Tyuiu.LavrentevVA.Sprint3.Task6.V4.Test", "Tyuiu.LavrentevVA.Sprint3.Task6.V4.Test\Tyuiu.LavrentevVA.Sprint3.Task6.V4.Test.csproj", "{4388CF28-23B9-4384-AECF-2FFE1B8DAD58}"
EndProject
Project("{2150E333-8FDC-42A3-9474-1A3956D46DE8}") = "Task7", "Task7", "{938B04D7-D6B7-412C-B68C-E54ABB83CD43}"
EndProject
Project("{FAE04EC0-301F-11D3-BF4B-00C04F79EFBC}") = "Tyuiu.LavrentevVA.Sprint3.Task7.V1", "Tyuiu.LavrentevVA.Sprint3.Task7.V1\Tyuiu.LavrentevVA.Sprint3.Task7.V1.csproj", "{ACAD1F3D-DFF0-4EDD-8B78-54A57A6AF479}"
EndProject
Project("{FAE04EC0-301F-11D3-BF4B-00C04F79EFBC}") = "Tyuiu.LavrentevVA.Sprint3.Task7.V1.Lib", "Tyuiu.LavrentevVA.Sprint3.Task7.V1.Lib\Tyuiu.LavrentevVA.Sprint3.Task7.V1.Lib.csproj", "{B29D1929-D1C4-490D-8175-5FEF22CD5D5F}"
EndProject
Project("{FAE04EC0-301F-11D3-BF4B-00C04F79EFBC}") = "Tyuiu.LavrentevVA.Sprint3.Task7.V1.Test", "Tyuiu.LavrentevVA.Sprint3.Task7.V1.Test\Tyuiu.LavrentevVA.Sprint3.Task7.V1.Test.csproj", "{30872074-320A-4C42-BCD6-C16538F9520C}"
EndProject
Global
	GlobalSection(SolutionConfigurationPlatforms) = preSolution
		Debug|Any CPU = Debug|Any CPU
		Release|Any CPU = Release|Any CPU
	EndGlobalSection
	GlobalSection(ProjectConfigurationPlatforms) = postSolution
		{52FB547A-3899-4C1D-8DA6-16BA5CAD78F7}.Debug|Any CPU.ActiveCfg = Debug|Any CPU
		{52FB547A-3899-4C1D-8DA6-16BA5CAD78F7}.Debug|Any CPU.Build.0 = Debug|Any CPU
		{52FB547A-3899-4C1D-8DA6-16BA5CAD78F7}.Release|Any CPU.ActiveCfg = Release|Any CPU
		{52FB547A-3899-4C1D-8DA6-16BA5CAD78F7}.Release|Any CPU.Build.0 = Release|Any CPU
		{174F753A-0E7E-42E9-BA35-FCB49EBCE52F}.Debug|Any CPU.ActiveCfg = Debug|Any CPU
		{174F753A-0E7E-42E9-BA35-FCB49EBCE52F}.Debug|Any CPU.Build.0 = Debug|Any CPU
		{174F753A-0E7E-42E9-BA35-FCB49EBCE52F}.Release|Any CPU.ActiveCfg = Release|Any CPU
		{174F753A-0E7E-42E9-BA35-FCB49EBCE52F}.Release|Any CPU.Build.0 = Release|Any CPU
		{6E22D043-7382-4AF7-9609-00ACB5733301}.Debug|Any CPU.ActiveCfg = Debug|Any CPU
		{6E22D043-7382-4AF7-9609-00ACB5733301}.Debug|Any CPU.Build.0 = Debug|Any CPU
		{6E22D043-7382-4AF7-9609-00ACB5733301}.Release|Any CPU.ActiveCfg = Release|Any CPU
		{6E22D043-7382-4AF7-9609-00ACB5733301}.Release|Any CPU.Build.0 = Release|Any CPU
		{C031D326-C002-4759-A982-98AE3A99CCE5}.Debug|Any CPU.ActiveCfg = Debug|Any CPU
		{C031D326-C002-4759-A982-98AE3A99CCE5}.Debug|Any CPU.Build.0 = Debug|Any CPU
		{C031D326-C002-4759-A982-98AE3A99CCE5}.Release|Any CPU.ActiveCfg = Release|Any CPU
		{C031D326-C002-4759-A982-98AE3A99CCE5}.Release|Any CPU.Build.0 = Release|Any CPU
		{D71A4855-C67C-4E24-94EE-3BC25997012B}.Debug|Any CPU.ActiveCfg = Debug|Any CPU
		{D71A4855-C67C-4E24-94EE-3BC25997012B}.Debug|Any CPU.Build.0 = Debug|Any CPU
		{D71A4855-C67C-4E24-94EE-3BC25997012B}.Release|Any CPU.ActiveCfg = Release|Any CPU
		{D71A4855-C67C-4E24-94EE-3BC25997012B}.Release|Any CPU.Build.0 = Release|Any CPU
		{C8CC922F-5447-4C67-84E8-7DFEF1226E0C}.Debug|Any CPU.ActiveCfg = Debug|Any CPU
		{C8CC922F-5447-4C67-84E8-7DFEF1226E0C}.Debug|Any CPU.Build.0 = Debug|Any CPU
		{C8CC922F-5447-4C67-84E8-7DFEF1226E0C}.Release|Any CPU.ActiveCfg = Release|Any CPU
		{C8CC922F-5447-4C67-84E8-7DFEF1226E0C}.Release|Any CPU.Build.0 = Release|Any CPU
		{5381EC81-CBBE-46F0-A7B3-FC68C3412668}.Debug|Any CPU.ActiveCfg = Debug|Any CPU
		{5381EC81-CBBE-46F0-A7B3-FC68C3412668}.Debug|Any CPU.Build.0 = Debug|Any CPU
		{5381EC81-CBBE-46F0-A7B3-FC68C3412668}.Release|Any CPU.ActiveCfg = Release|Any CPU
		{5381EC81-CBBE-46F0-A7B3-FC68C3412668}.Release|Any CPU.Build.0 = Release|Any CPU
		{DAA94652-B3F1-41CF-B156-6394FFEF28FA}.Debug|Any CPU.ActiveCfg = Debug|Any CPU
		{DAA94652-B3F1-41CF-B156-6394FFEF28FA}.Debug|Any CPU.Build.0 = Debug|Any CPU
		{DAA94652-B3F1-41CF-B156-6394FFEF28FA}.Release|Any CPU.ActiveCfg = Release|Any CPU
		{DAA94652-B3F1-41CF-B156-6394FFEF28FA}.Release|Any CPU.Build.0 = Release|Any CPU
		{E48D8DAC-F3CC-40F3-995A-CF5DCF583FB9}.Debug|Any CPU.ActiveCfg = Debug|Any CPU
		{E48D8DAC-F3CC-40F3-995A-CF5DCF583FB9}.Debug|Any CPU.Build.0 = Debug|Any CPU
		{E48D8DAC-F3CC-40F3-995A-CF5DCF583FB9}.Release|Any CPU.ActiveCfg = Release|Any CPU
		{E48D8DAC-F3CC-40F3-995A-CF5DCF583FB9}.Release|Any CPU.Build.0 = Release|Any CPU
		{8BA63EB0-68C4-43EE-B869-0E5C63F4C7A4}.Debug|Any CPU.ActiveCfg = Debug|Any CPU
		{8BA63EB0-68C4-43EE-B869-0E5C63F4C7A4}.Debug|Any CPU.Build.0 = Debug|Any CPU
		{8BA63EB0-68C4-43EE-B869-0E5C63F4C7A4}.Release|Any CPU.ActiveCfg = Release|Any CPU
		{8BA63EB0-68C4-43EE-B869-0E5C63F4C7A4}.Release|Any CPU.Build.0 = Release|Any CPU
		{8DF3E24A-A224-444F-8522-62D43DD20231}.Debug|Any CPU.ActiveCfg = Debug|Any CPU
		{8DF3E24A-A224-444F-8522-62D43DD20231}.Debug|Any CPU.Build.0 = Debug|Any CPU
		{8DF3E24A-A224-444F-8522-62D43DD20231}.Release|Any CPU.ActiveCfg = Release|Any CPU
		{8DF3E24A-A224-444F-8522-62D43DD20231}.Release|Any CPU.Build.0 = Release|Any CPU
		{7D016934-576B-481A-9AA3-F4E8C7A5EE3F}.Debug|Any CPU.ActiveCfg = Debug|Any CPU
		{7D016934-576B-481A-9AA3-F4E8C7A5EE3F}.Debug|Any CPU.Build.0 = Debug|Any CPU
		{7D016934-576B-481A-9AA3-F4E8C7A5EE3F}.Release|Any CPU.ActiveCfg = Release|Any CPU
		{7D016934-576B-481A-9AA3-F4E8C7A5EE3F}.Release|Any CPU.Build.0 = Release|Any CPU
		{AEC81868-D5A1-470A-8F4C-24AF3AD6767F}.Debug|Any CPU.ActiveCfg = Debug|Any CPU
		{AEC81868-D5A1-470A-8F4C-24AF3AD6767F}.Debug|Any CPU.Build.0 = Debug|Any CPU
		{AEC81868-D5A1-470A-8F4C-24AF3AD6767F}.Release|Any CPU.ActiveCfg = Release|Any CPU
		{AEC81868-D5A1-470A-8F4C-24AF3AD6767F}.Release|Any CPU.Build.0 = Release|Any CPU
		{939A4759-8399-4F22-B7E4-DA61E7031B4A}.Debug|Any CPU.ActiveCfg = Debug|Any CPU
		{939A4759-8399-4F22-B7E4-DA61E7031B4A}.Debug|Any CPU.Build.0 = Debug|Any CPU
		{939A4759-8399-4F22-B7E4-DA61E7031B4A}.Release|Any CPU.ActiveCfg = Release|Any CPU
		{939A4759-8399-4F22-B7E4-DA61E7031B4A}.Release|Any CPU.Build.0 = Release|Any CPU
		{4C06C10E-1660-4F08-8C76-BD3674E54DFB}.Debug|Any CPU.ActiveCfg = Debug|Any CPU
		{4C06C10E-1660-4F08-8C76-BD3674E54DFB}.Debug|Any CPU.Build.0 = Debug|Any CPU
		{4C06C10E-1660-4F08-8C76-BD3674E54DFB}.Release|Any CPU.ActiveCfg = Release|Any CPU
		{4C06C10E-1660-4F08-8C76-BD3674E54DFB}.Release|Any CPU.Build.0 = Release|Any CPU
		{AFCC0EB1-FFB9-40B5-9A95-C3BB39682946}.Debug|Any CPU.ActiveCfg = Debug|Any CPU
		{AFCC0EB1-FFB9-40B5-9A95-C3BB39682946}.Debug|Any CPU.Build.0 = Debug|Any CPU
		{AFCC0EB1-FFB9-40B5-9A95-C3BB39682946}.Release|Any CPU.ActiveCfg = Release|Any CPU
		{AFCC0EB1-FFB9-40B5-9A95-C3BB39682946}.Release|Any CPU.Build.0 = Release|Any CPU
		{D92EE5CD-68E0-49A3-BBC7-609416806C65}.Debug|Any CPU.ActiveCfg = Debug|Any CPU
		{D92EE5CD-68E0-49A3-BBC7-609416806C65}.Debug|Any CPU.Build.0 = Debug|Any CPU
		{D92EE5CD-68E0-49A3-BBC7-609416806C65}.Release|Any CPU.ActiveCfg = Release|Any CPU
		{D92EE5CD-68E0-49A3-BBC7-609416806C65}.Release|Any CPU.Build.0 = Release|Any CPU
		{4BAF309A-972C-41F4-BE5B-613B9A520E63}.Debug|Any CPU.ActiveCfg = Debug|Any CPU
		{4BAF309A-972C-41F4-BE5B-613B9A520E63}.Debug|Any CPU.Build.0 = Debug|Any CPU
		{4BAF309A-972C-41F4-BE5B-613B9A520E63}.Release|Any CPU.ActiveCfg = Release|Any CPU
		{4BAF309A-972C-41F4-BE5B-613B9A520E63}.Release|Any CPU.Build.0 = Release|Any CPU
		{41766D30-2F0C-4B5A-A862-EFC53A2DE3C2}.Debug|Any CPU.ActiveCfg = Debug|Any CPU
		{41766D30-2F0C-4B5A-A862-EFC53A2DE3C2}.Debug|Any CPU.Build.0 = Debug|Any CPU
		{41766D30-2F0C-4B5A-A862-EFC53A2DE3C2}.Release|Any CPU.ActiveCfg = Release|Any CPU
		{41766D30-2F0C-4B5A-A862-EFC53A2DE3C2}.Release|Any CPU.Build.0 = Release|Any CPU
		{B15AD402-A6F7-4841-8584-F6058E1829BE}.Debug|Any CPU.ActiveCfg = Debug|Any CPU
		{B15AD402-A6F7-4841-8584-F6058E1829BE}.Debug|Any CPU.Build.0 = Debug|Any CPU
		{B15AD402-A6F7-4841-8584-F6058E1829BE}.Release|Any CPU.ActiveCfg = Release|Any CPU
		{B15AD402-A6F7-4841-8584-F6058E1829BE}.Release|Any CPU.Build.0 = Release|Any CPU
		{4388CF28-23B9-4384-AECF-2FFE1B8DAD58}.Debug|Any CPU.ActiveCfg = Debug|Any CPU
		{4388CF28-23B9-4384-AECF-2FFE1B8DAD58}.Debug|Any CPU.Build.0 = Debug|Any CPU
		{4388CF28-23B9-4384-AECF-2FFE1B8DAD58}.Release|Any CPU.ActiveCfg = Release|Any CPU
		{4388CF28-23B9-4384-AECF-2FFE1B8DAD58}.Release|Any CPU.Build.0 = Release|Any CPU
		{ACAD1F3D-DFF0-4EDD-8B78-54A57A6AF479}.Debug|Any CPU.ActiveCfg = Debug|Any CPU
		{ACAD1F3D-DFF0-4EDD-8B78-54A57A6AF479}.Debug|Any CPU.Build.0 = Debug|Any CPU
		{ACAD1F3D-DFF0-4EDD-8B78-54A57A6AF479}.Release|Any CPU.ActiveCfg = Release|Any CPU
		{ACAD1F3D-DFF0-4EDD-8B78-54A57A6AF479}.Release|Any CPU.Build.0 = Release|Any CPU
		{B29D1929-D1C4-490D-8175-5FEF22CD5D5F}.Debug|Any CPU.ActiveCfg = Debug|Any CPU
		{B29D1929-D1C4-490D-8175-5FEF22CD5D5F}.Debug|Any CPU.Build.0 = Debug|Any CPU
		{B29D1929-D1C4-490D-8175-5FEF22CD5D5F}.Release|Any CPU.ActiveCfg = Release|Any CPU
		{B29D1929-D1C4-490D-8175-5FEF22CD5D5F}.Release|Any CPU.Build.0 = Release|Any CPU
		{30872074-320A-4C42-BCD6-C16538F9520C}.Debug|Any CPU.ActiveCfg = Debug|Any CPU
		{30872074-320A-4C42-BCD6-C16538F9520C}.Debug|Any CPU.Build.0 = Debug|Any CPU
		{30872074-320A-4C42-BCD6-C16538F9520C}.Release|Any CPU.ActiveCfg = Release|Any CPU
		{30872074-320A-4C42-BCD6-C16538F9520C}.Release|Any CPU.Build.0 = Release|Any CPU
	EndGlobalSection
	GlobalSection(SolutionProperties) = preSolution
		HideSolutionNode = FALSE
	EndGlobalSection
	GlobalSection(NestedProjects) = preSolution
		{52FB547A-3899-4C1D-8DA6-16BA5CAD78F7} = {02EA681E-C7D8-13C7-8484-4AC65E1B71E8}
		{174F753A-0E7E-42E9-BA35-FCB49EBCE52F} = {02EA681E-C7D8-13C7-8484-4AC65E1B71E8}
		{6E22D043-7382-4AF7-9609-00ACB5733301} = {02EA681E-C7D8-13C7-8484-4AC65E1B71E8}
		{C031D326-C002-4759-A982-98AE3A99CCE5} = {65007EF9-01C3-4DBF-8067-9D7CF0C9C705}
		{D71A4855-C67C-4E24-94EE-3BC25997012B} = {65007EF9-01C3-4DBF-8067-9D7CF0C9C705}
		{C8CC922F-5447-4C67-84E8-7DFEF1226E0C} = {65007EF9-01C3-4DBF-8067-9D7CF0C9C705}
		{5381EC81-CBBE-46F0-A7B3-FC68C3412668} = {44E73C01-A680-4F4A-9A65-3F634CFC826D}
		{DAA94652-B3F1-41CF-B156-6394FFEF28FA} = {44E73C01-A680-4F4A-9A65-3F634CFC826D}
		{E48D8DAC-F3CC-40F3-995A-CF5DCF583FB9} = {44E73C01-A680-4F4A-9A65-3F634CFC826D}
		{8BA63EB0-68C4-43EE-B869-0E5C63F4C7A4} = {18EC8603-E714-4799-AA6B-5B68402E2815}
		{8DF3E24A-A224-444F-8522-62D43DD20231} = {18EC8603-E714-4799-AA6B-5B68402E2815}
		{7D016934-576B-481A-9AA3-F4E8C7A5EE3F} = {18EC8603-E714-4799-AA6B-5B68402E2815}
		{AEC81868-D5A1-470A-8F4C-24AF3AD6767F} = {F58798C9-8222-4B5E-B6DF-C84038E64806}
		{939A4759-8399-4F22-B7E4-DA61E7031B4A} = {F58798C9-8222-4B5E-B6DF-C84038E64806}
		{4C06C10E-1660-4F08-8C76-BD3674E54DFB} = {F58798C9-8222-4B5E-B6DF-C84038E64806}
		{AFCC0EB1-FFB9-40B5-9A95-C3BB39682946} = {D6C4559C-8692-48EC-8A22-15D66560C351}
		{D92EE5CD-68E0-49A3-BBC7-609416806C65} = {D6C4559C-8692-48EC-8A22-15D66560C351}
		{4BAF309A-972C-41F4-BE5B-613B9A520E63} = {D6C4559C-8692-48EC-8A22-15D66560C351}
		{41766D30-2F0C-4B5A-A862-EFC53A2DE3C2} = {2929A353-F8B8-44F8-8256-D77AC0984C73}
		{B15AD402-A6F7-4841-8584-F6058E1829BE} = {2929A353-F8B8-44F8-8256-D77AC0984C73}
		{4388CF28-23B9-4384-AECF-2FFE1B8DAD58} = {2929A353-F8B8-44F8-8256-D77AC0984C73}
		{ACAD1F3D-DFF0-4EDD-8B78-54A57A6AF479} = {938B04D7-D6B7-412C-B68C-E54ABB83CD43}
		{B29D1929-D1C4-490D-8175-5FEF22CD5D5F} = {938B04D7-D6B7-412C-B68C-E54ABB83CD43}
		{30872074-320A-4C42-BCD6-C16538F9520C} = {938B04D7-D6B7-412C-B68C-E54ABB83CD43}
	EndGlobalSection
	GlobalSection(ExtensibilityGlobals) = postSolution
		SolutionGuid = {75DA8592-3481-4654-9031-6C810801C9F5}
	EndGlobalSection
EndGlobal
