
Microsoft Visual Studio Solution File, Format Version 12.00
# Visual Studio Version 17
VisualStudioVersion = 17.14.36511.14
MinimumVisualStudioVersion = 10.0.40219.1
Project("{2150E333-8FDC-42A3-9474-1A3956D46DE8}") = "Task0", "Task0", "{02EA681E-C7D8-13C7-8484-4AC65E1B71E8}"
EndProject
Project("{FAE04EC0-301F-11D3-BF4B-00C04F79EFBC}") = "Tyuiu.LavrentevVA.Sprint3.Task0.V29", "Tyuiu.LavrentevVA.Sprint3.Task0.V29\Tyuiu.LavrentevVA.Sprint3.Task0.V29.csproj", "{52FB547A-3899-4C1D-8DA6-16BA5CAD78F7}"
EndProject
Project("{FAE04EC0-301F-11D3-BF4B-00C04F79EFBC}") = "Tyuiu.LavrentevVA.Sprint3.Task0.V29.Lib", "Tyuiu.LavrentevVA.Sprint3.Task0.V29.Lib\Tyuiu.LavrentevVA.Sprint3.Task0.V29.Lib.csproj", "{174F753A-0E7E-42E9-BA35-FCB49EBCE52F}"
EndProject
Project("{FAE04EC0-301F-11D3-BF4B-00C04F79EFBC}") = "Tyuiu.LavrentevVA.Sprint3.Task0.V29.Test", "Tyuiu.LavrentevVA.Sprint3.Task0.V29.Test\Tyuiu.LavrentevVA.Sprint3.Task0.V29.Test.csproj", "{6E22D043-7382-4AF7-9609-00ACB5733301}"
EndProject
Project("{2150E333-8FDC-42A3-9474-1A3956D46DE8}") = "Task1", "Task1", "{65007EF9-01C3-4DBF-8067-9D7CF0C9C705}"
EndProject
Project("{FAE04EC0-301F-11D3-BF4B-00C04F79EFBC}") = "Tyuiu.LavrentevVA.Sprint3.Task1.V21", "Tyuiu.LavrentevVA.Sprint3.Task1.V21\Tyuiu.LavrentevVA.Sprint3.Task1.V21.csproj", "{C031D326-C002-4759-A982-98AE3A99CCE5}"
EndProject
Project("{FAE04EC0-301F-11D3-BF4B-00C04F79EFBC}") = "Tyuiu.LavrentevVA.Sprint3.Task1.V21.Lib", "Tyuiu.LavrentevVA.Sprint3.Task1.V21.Lib\Tyuiu.LavrentevVA.Sprint3.Task1.V21.Lib.csproj", "{D71A4855-C67C-4E24-94EE-3BC25997012B}"
EndProject
Project("{FAE04EC0-301F-11D3-BF4B-00C04F79EFBC}") = "Tyuiu.LavrentevVA.Sprint3.Task1.V21.Test", "Tyuiu.LavrentevVA.Sprint3.Task1.V21.Test\Tyuiu.LavrentevVA.Sprint3.Task1.V21.Test.csproj", "{C8CC922F-5447-4C67-84E8-7DFEF1226E0C}"
EndProject
Global
	GlobalSection(SolutionConfigurationPlatforms) = preSolution
		Debug|Any CPU = Debug|Any CPU
		Release|Any CPU = Release|Any CPU
	EndGlobalSection
	GlobalSection(ProjectConfigurationPlatforms) = postSolution
		{52FB547A-3899-4C1D-8DA6-16BA5CAD78F7}.Debug|Any CPU.ActiveCfg = Debug|Any CPU
		{52FB547A-3899-4C1D-8DA6-16BA5CAD78F7}.Debug|Any CPU.Build.0 = Debug|Any CPU
		{52FB547A-3899-4C1D-8DA6-16BA5CAD78F7}.Release|Any CPU.ActiveCfg = Release|Any CPU
		{52FB547A-3899-4C1D-8DA6-16BA5CAD78F7}.Release|Any CPU.Build.0 = Release|Any CPU
		{174F753A-0E7E-42E9-BA35-FCB49EBCE52F}.Debug|Any CPU.ActiveCfg = Debug|Any CPU
		{174F753A-0E7E-42E9-BA35-FCB49EBCE52F}.Debug|Any CPU.Build.0 = Debug|Any CPU
		{174F753A-0E7E-42E9-BA35-FCB49EBCE52F}.Release|Any CPU.ActiveCfg = Release|Any CPU
		{174F753A-0E7E-42E9-BA35-FCB49EBCE52F}.Release|Any CPU.Build.0 = Release|Any CPU
		{6E22D043-7382-4AF7-9609-00ACB5733301}.Debug|Any CPU.ActiveCfg = Debug|Any CPU
		{6E22D043-7382-4AF7-9609-00ACB5733301}.Debug|Any CPU.Build.0 = Debug|Any CPU
		{6E22D043-7382-4AF7-9609-00ACB5733301}.Release|Any CPU.ActiveCfg = Release|Any CPU
		{6E22D043-7382-4AF7-9609-00ACB5733301}.Release|Any CPU.Build.0 = Release|Any CPU
		{C031D326-C002-4759-A982-98AE3A99CCE5}.Debug|Any CPU.ActiveCfg = Debug|Any CPU
		{C031D326-C002-4759-A982-98AE3A99CCE5}.Debug|Any CPU.Build.0 = Debug|Any CPU
		{C031D326-C002-4759-A982-98AE3A99CCE5}.Release|Any CPU.ActiveCfg = Release|Any CPU
		{C031D326-C002-4759-A982-98AE3A99CCE5}.Release|Any CPU.Build.0 = Release|Any CPU
		{D71A4855-C67C-4E24-94EE-3BC25997012B}.Debug|Any CPU.ActiveCfg = Debug|Any CPU
		{D71A4855-C67C-4E24-94EE-3BC25997012B}.Debug|Any CPU.Build.0 = Debug|Any CPU
		{D71A4855-C67C-4E24-94EE-3BC25997012B}.Release|Any CPU.ActiveCfg = Release|Any CPU
		{D71A4855-C67C-4E24-94EE-3BC25997012B}.Release|Any CPU.Build.0 = Release|Any CPU
		{C8CC922F-5447-4C67-84E8-7DFEF1226E0C}.Debug|Any CPU.ActiveCfg = Debug|Any CPU
		{C8CC922F-5447-4C67-84E8-7DFEF1226E0C}.Debug|Any CPU.Build.0 = Debug|Any CPU
		{C8CC922F-5447-4C67-84E8-7DFEF1226E0C}.Release|Any CPU.ActiveCfg = Release|Any CPU
		{C8CC922F-5447-4C67-84E8-7DFEF1226E0C}.Release|Any CPU.Build.0 = Release|Any CPU
	EndGlobalSection
	GlobalSection(SolutionProperties) = preSolution
		HideSolutionNode = FALSE
	EndGlobalSection
	GlobalSection(NestedProjects) = preSolution
		{52FB547A-3899-4C1D-8DA6-16BA5CAD78F7} = {02EA681E-C7D8-13C7-8484-4AC65E1B71E8}
		{174F753A-0E7E-42E9-BA35-FCB49EBCE52F} = {02EA681E-C7D8-13C7-8484-4AC65E1B71E8}
		{6E22D043-7382-4AF7-9609-00ACB5733301} = {02EA681E-C7D8-13C7-8484-4AC65E1B71E8}
		{C031D326-C002-4759-A982-98AE3A99CCE5} = {65007EF9-01C3-4DBF-8067-9D7CF0C9C705}
		{D71A4855-C67C-4E24-94EE-3BC25997012B} = {65007EF9-01C3-4DBF-8067-9D7CF0C9C705}
		{C8CC922F-5447-4C67-84E8-7DFEF1226E0C} = {65007EF9-01C3-4DBF-8067-9D7CF0C9C705}
	EndGlobalSection
	GlobalSection(ExtensibilityGlobals) = postSolution
		SolutionGuid = {75DA8592-3481-4654-9031-6C810801C9F5}
	EndGlobalSection
EndGlobal
